{
    "_readme": [
        "This file locks the dependencies of your project to a known state",
        "Read more about it at https://getcomposer.org/doc/01-basic-usage.md#composer-lock-the-lock-file",
        "This file is @generated automatically"
    ],
    "hash": "a18b53a0d5a3aa1819aebe0fa89a3193",
    "content-hash": "9aad1a18a11477d0a42f08a225000809",
    "packages": [
        {
            "name": "composer/installers",
            "version": "v1.0.23",
            "source": {
                "type": "git",
                "url": "https://github.com/composer/installers.git",
                "reference": "6213d900e92647831f7a406d5c530ea1f3d4360e"
            },
            "dist": {
                "type": "zip",
                "url": "https://api.github.com/repos/composer/installers/zipball/6213d900e92647831f7a406d5c530ea1f3d4360e",
                "reference": "6213d900e92647831f7a406d5c530ea1f3d4360e",
                "shasum": ""
            },
            "require": {
                "composer-plugin-api": "^1.0"
            },
            "replace": {
                "roundcube/plugin-installer": "*",
                "shama/baton": "*"
            },
            "require-dev": {
                "composer/composer": "1.0.*@dev",
                "phpunit/phpunit": "4.1.*"
            },
            "type": "composer-plugin",
            "extra": {
                "class": "Composer\\Installers\\Plugin",
                "branch-alias": {
                    "dev-master": "1.0-dev"
                }
            },
            "autoload": {
                "psr-0": {
                    "Composer\\Installers\\": "src/"
                }
            },
            "notification-url": "https://packagist.org/downloads/",
            "license": [
                "MIT"
            ],
            "authors": [
                {
                    "name": "Kyle Robinson Young",
                    "email": "kyle@dontkry.com",
                    "homepage": "https://github.com/shama"
                }
            ],
            "description": "A multi-framework Composer library installer",
            "homepage": "http://composer.github.com/installers/",
            "keywords": [
                "Craft",
                "Dolibarr",
                "Hurad",
                "MODX Evo",
                "OXID",
                "SMF",
                "Thelia",
                "WolfCMS",
                "agl",
                "aimeos",
                "annotatecms",
                "bitrix",
                "cakephp",
                "chef",
                "codeigniter",
                "concrete5",
                "croogo",
                "dokuwiki",
                "drupal",
                "elgg",
                "fuelphp",
                "grav",
                "installer",
                "joomla",
                "kohana",
                "laravel",
                "lithium",
                "magento",
                "mako",
                "mediawiki",
                "modulework",
                "moodle",
                "phpbb",
                "piwik",
                "ppi",
                "puppet",
                "roundcube",
                "shopware",
                "silverstripe",
                "symfony",
                "typo3",
                "wordpress",
                "zend",
                "zikula"
            ],
            "time": "2016-01-27 12:54:22"
        },
        {
            "name": "deleomotosho/carbon",
            "version": "dev-master",
            "source": {
                "type": "git",
                "url": "git@bitbucket.org:deleomotosho/carbon.git",
                "reference": "dd84777aabcb37f2e1c5bfed2914c61f032e784c"
            },
            "require": {
                "composer/installers": "~1.0.0"
            },
            "type": "wordpress-theme",
            "time": "2016-02-17 16:38:31"
        },
        {
            "name": "deleomotosho/carbon-child",
            "version": "dev-master",
            "source": {
                "type": "git",
                "url": "git@bitbucket.org:deleomotosho/carbon-child.git",
                "reference": "15bac44d78fefc70f23a56333514204b14ff6b2b"
            },
            "require": {
                "composer/installers": "~1.0.0"
            },
            "type": "wordpress-theme",
            "time": "2016-02-16 23:36:57"
        },
        {
            "name": "geleyi/google-analytics-premium",
            "version": "dev-master",
            "source": {
                "type": "git",
                "url": "git@bitbucket.org:geleyi/google-analytics-premium.git",
                "reference": "cf503eb54c7d1841a244843b02a623677e74d64c"
            },
            "require": {
                "composer/installers": "~1.0.0"
            },
            "type": "wordpress-plugin",
            "time": "2016-03-21 01:58:04"
        },
        {
            "name": "geleyi/optin-monster",
            "version": "dev-master",
            "source": {
                "type": "git",
                "url": "git@bitbucket.org:geleyi/optin-monster.git",
                "reference": "330f4722609365c35913c3bddafaaba60d82d0af"
            },
            "require": {
                "composer/installers": "~1.0.0"
            },
            "type": "wordpress-plugin",
            "time": "2016-03-21 02:00:14"
        },
        {
            "name": "geleyi/stag-envato-updater",
            "version": "dev-master",
            "source": {
                "type": "git",
                "url": "git@bitbucket.org:geleyi/stag-envato-updater.git",
                "reference": "bcc90ff2fac4100ac886c285df61cb9d1aa5fd64"
            },
            "require": {
                "composer/installers": "~1.0.0"
            },
            "type": "wordpress-plugin",
            "time": "2014-06-14 05:42:23"
        },
        {
            "name": "geleyi/wp-seo-premium",
            "version": "dev-master",
            "source": {
                "type": "git",
                "url": "git@bitbucket.org:geleyi/wp-seo-premium.git",
                "reference": "c0e4260e8e05986839b899df53da163dbd9184f5"
            },
            "require": {
                "composer/installers": "~1.0.0"
            },
            "type": "wordpress-plugin",
            "time": "2016-03-05 04:53:41"
        },
        {
            "name": "johnpbloch/wordpress",
            "version": "4.4.2",
            "source": {
                "type": "git",
                "url": "https://github.com/johnpbloch/wordpress.git",
                "reference": "fe9320de0793602084c600e22c0c5e0bb601a264"
            },
            "dist": {
                "type": "zip",
                "url": "https://api.github.com/repos/johnpbloch/wordpress/zipball/fe9320de0793602084c600e22c0c5e0bb601a264",
                "reference": "fe9320de0793602084c600e22c0c5e0bb601a264",
                "shasum": ""
            },
            "require": {
                "johnpbloch/wordpress-core-installer": "~0.2",
                "php": ">=5.3.2"
            },
            "type": "wordpress-core",
            "notification-url": "https://packagist.org/downloads/",
            "license": [
                "GPL-2.0+"
            ],
            "authors": [
                {
                    "name": "WordPress Community",
                    "homepage": "http://wordpress.org/about/"
                }
            ],
            "description": "WordPress is web software you can use to create a beautiful website or blog.",
            "homepage": "http://wordpress.org/",
            "keywords": [
                "blog",
                "cms"
            ],
            "time": "2016-02-02 17:16:14"
        },
        {
            "name": "johnpbloch/wordpress-core-installer",
            "version": "0.2.1",
            "source": {
                "type": "git",
                "url": "https://github.com/johnpbloch/wordpress-core-installer.git",
                "reference": "a04c2c383ef13aae077f36799ed2eafdebd618d2"
            },
            "dist": {
                "type": "zip",
                "url": "https://api.github.com/repos/johnpbloch/wordpress-core-installer/zipball/a04c2c383ef13aae077f36799ed2eafdebd618d2",
                "reference": "a04c2c383ef13aae077f36799ed2eafdebd618d2",
                "shasum": ""
            },
            "require": {
                "composer-plugin-api": "^1.0"
            },
            "conflict": {
                "composer/installers": "<1.0.6"
            },
            "require-dev": {
                "composer/composer": "1.0.*@dev"
            },
            "type": "composer-plugin",
            "extra": {
                "class": "johnpbloch\\Composer\\WordPressCorePlugin"
            },
            "autoload": {
                "psr-0": {
                    "johnpbloch\\Composer\\": "src/"
                }
            },
            "notification-url": "https://packagist.org/downloads/",
            "license": [
                "GPL-2.0+"
            ],
            "authors": [
                {
                    "name": "John P. Bloch",
                    "email": "me@johnpbloch.com"
                }
            ],
            "description": "A custom installer to handle deploying WordPress with composer",
            "keywords": [
                "wordpress"
            ],
            "time": "2015-06-11 15:15:30"
        },
        {
            "name": "vlucas/phpdotenv",
            "version": "v2.2.0",
            "source": {
                "type": "git",
                "url": "https://github.com/vlucas/phpdotenv.git",
                "reference": "9caf304153dc2288e4970caec6f1f3b3bc205412"
            },
            "dist": {
                "type": "zip",
                "url": "https://api.github.com/repos/vlucas/phpdotenv/zipball/9caf304153dc2288e4970caec6f1f3b3bc205412",
                "reference": "9caf304153dc2288e4970caec6f1f3b3bc205412",
                "shasum": ""
            },
            "require": {
                "php": ">=5.3.9"
            },
            "require-dev": {
                "phpunit/phpunit": "^4.8|^5.0"
            },
            "type": "library",
            "extra": {
                "branch-alias": {
                    "dev-master": "2.2-dev"
                }
            },
            "autoload": {
                "psr-4": {
                    "Dotenv\\": "src/"
                }
            },
            "notification-url": "https://packagist.org/downloads/",
            "license": [
                "BSD"
            ],
            "authors": [
                {
                    "name": "Vance Lucas",
                    "email": "vance@vancelucas.com",
                    "homepage": "http://www.vancelucas.com"
                }
            ],
            "description": "Loads environment variables from `.env` to `getenv()`, `$_ENV` and `$_SERVER` automagically.",
            "homepage": "http://github.com/vlucas/phpdotenv",
            "keywords": [
                "dotenv",
                "env",
                "environment"
            ],
            "time": "2015-12-29 15:10:30"
        },
        {
            "name": "wpackagist-plugin/akismet",
            "version": "dev-trunk",
            "source": {
                "type": "svn",
                "url": "https://plugins.svn.wordpress.org/akismet/",
                "reference": "trunk"
            },
            "dist": {
                "type": "zip",
                "url": "https://downloads.wordpress.org/plugin/akismet.zip",
                "reference": null,
                "shasum": null
            },
            "require": {
                "composer/installers": "~1.0"
            },
            "type": "wordpress-plugin",
            "homepage": "https://wordpress.org/plugins/akismet/",
            "time": "2016-02-11 18:36:34"
        },
        {
            "name": "wpackagist-plugin/fd-footnotes",
            "version": "dev-trunk",
            "source": {
                "type": "svn",
                "url": "https://plugins.svn.wordpress.org/fd-footnotes/",
                "reference": "trunk"
            },
            "dist": {
                "type": "zip",
                "url": "https://downloads.wordpress.org/plugin/fd-footnotes.zip",
                "reference": null,
                "shasum": null
            },
            "require": {
                "composer/installers": "~1.0"
            },
            "type": "wordpress-plugin",
            "homepage": "https://wordpress.org/plugins/fd-footnotes/",
            "time": "2016-01-15 16:26:37"
        },
        {
            "name": "wpackagist-plugin/inline-comments",
            "version": "dev-trunk",
            "source": {
                "type": "svn",
                "url": "https://plugins.svn.wordpress.org/inline-comments/",
                "reference": "trunk"
            },
            "dist": {
                "type": "zip",
                "url": "https://downloads.wordpress.org/plugin/inline-comments.zip",
                "reference": null,
                "shasum": null
            },
            "require": {
                "composer/installers": "~1.0"
            },
            "type": "wordpress-plugin",
            "homepage": "https://wordpress.org/plugins/inline-comments/",
            "time": "2016-01-11 02:09:53"
        },
        {
            "name": "wpackagist-plugin/instagram-slider-widget",
            "version": "dev-trunk",
            "source": {
                "type": "svn",
                "url": "https://plugins.svn.wordpress.org/instagram-slider-widget/",
                "reference": "trunk"
            },
            "dist": {
                "type": "zip",
                "url": "https://downloads.wordpress.org/plugin/instagram-slider-widget.zip",
                "reference": null,
                "shasum": null
            },
            "require": {
                "composer/installers": "~1.0"
            },
            "type": "wordpress-plugin",
            "homepage": "https://wordpress.org/plugins/instagram-slider-widget/",
            "time": "2015-06-29 20:41:24"
        },
        {
            "name": "wpackagist-plugin/jetpack",
            "version": "dev-trunk",
            "source": {
                "type": "svn",
                "url": "https://plugins.svn.wordpress.org/jetpack/",
                "reference": "trunk"
            },
            "dist": {
                "type": "zip",
                "url": "https://downloads.wordpress.org/plugin/jetpack.zip",
                "reference": null,
                "shasum": null
            },
            "require": {
                "composer/installers": "~1.0"
            },
            "type": "wordpress-plugin",
            "homepage": "https://wordpress.org/plugins/jetpack/",
            "time": "2016-01-21 21:00:34"
        },
        {
            "name": "wpackagist-plugin/send-email-only-on-reply-to-my-comment",
            "version": "dev-trunk",
            "source": {
                "type": "svn",
                "url": "https://plugins.svn.wordpress.org/send-email-only-on-reply-to-my-comment/",
                "reference": "trunk"
            },
            "dist": {
                "type": "zip",
                "url": "https://downloads.wordpress.org/plugin/send-email-only-on-reply-to-my-comment.zip",
                "reference": null,
                "shasum": null
            },
            "require": {
                "composer/installers": "~1.0"
            },
            "type": "wordpress-plugin",
            "homepage": "https://wordpress.org/plugins/send-email-only-on-reply-to-my-comment/",
            "time": "2015-03-03 15:52:58"
        },
        {
            "name": "wpackagist-plugin/social-networks-auto-poster-facebook-twitter-g",
            "version": "dev-trunk",
            "source": {
                "type": "svn",
                "url": "https://plugins.svn.wordpress.org/social-networks-auto-poster-facebook-twitter-g/",
                "reference": "trunk"
            },
            "dist": {
                "type": "zip",
                "url": "https://downloads.wordpress.org/plugin/social-networks-auto-poster-facebook-twitter-g.zip",
                "reference": null,
                "shasum": null
            },
            "require": {
                "composer/installers": "~1.0"
            },
            "type": "wordpress-plugin",
            "homepage": "https://wordpress.org/plugins/social-networks-auto-poster-facebook-twitter-g/",
            "time": "2016-03-07 19:15:53"
        },
        {
            "name": "wpackagist-plugin/stag-custom-sidebars",
            "version": "dev-trunk",
            "source": {
                "type": "svn",
                "url": "https://plugins.svn.wordpress.org/stag-custom-sidebars/",
                "reference": "trunk"
            },
            "dist": {
                "type": "zip",
                "url": "https://downloads.wordpress.org/plugin/stag-custom-sidebars.zip",
                "reference": null,
                "shasum": null
            },
            "require": {
                "composer/installers": "~1.0"
            },
            "type": "wordpress-plugin",
            "homepage": "https://wordpress.org/plugins/stag-custom-sidebars/",
            "time": "2015-12-17 06:38:55"
        },
        {
            "name": "wpackagist-plugin/stagtools",
            "version": "dev-trunk",
            "source": {
                "type": "svn",
                "url": "https://plugins.svn.wordpress.org/stagtools/",
                "reference": "trunk"
            },
            "dist": {
                "type": "zip",
                "url": "https://downloads.wordpress.org/plugin/stagtools.zip",
                "reference": null,
                "shasum": null
            },
            "require": {
                "composer/installers": "~1.0"
            },
            "type": "wordpress-plugin",
            "homepage": "https://wordpress.org/plugins/stagtools/",
            "time": "2015-08-21 16:08:13"
        },
        {
            "name": "wpackagist-plugin/subtitles",
            "version": "dev-trunk",
            "source": {
                "type": "svn",
                "url": "https://plugins.svn.wordpress.org/subtitles/",
                "reference": "trunk"
            },
            "dist": {
                "type": "zip",
                "url": "https://downloads.wordpress.org/plugin/subtitles.zip",
                "reference": null,
                "shasum": null
            },
            "require": {
                "composer/installers": "~1.0"
            },
            "type": "wordpress-plugin",
            "homepage": "https://wordpress.org/plugins/subtitles/",
            "time": "2015-12-09 16:41:31"
        },
        {
            "name": "wpackagist-plugin/wp-ajaxify-comments",
            "version": "dev-trunk",
            "source": {
                "type": "svn",
                "url": "https://plugins.svn.wordpress.org/wp-ajaxify-comments/",
                "reference": "trunk"
            },
            "dist": {
                "type": "zip",
                "url": "https://downloads.wordpress.org/plugin/wp-ajaxify-comments.zip",
                "reference": null,
                "shasum": null
            },
            "require": {
                "composer/installers": "~1.0"
            },
            "type": "wordpress-plugin",
            "homepage": "https://wordpress.org/plugins/wp-ajaxify-comments/",
            "time": "2015-12-31 12:44:51"
        },
        {
            "name": "wpackagist-plugin/wp-markdown-editor",
            "version": "dev-trunk",
            "source": {
                "type": "svn",
                "url": "https://plugins.svn.wordpress.org/wp-markdown-editor/",
                "reference": "trunk"
            },
            "dist": {
                "type": "zip",
                "url": "https://downloads.wordpress.org/plugin/wp-markdown-editor.zip",
                "reference": null,
                "shasum": null
            },
            "require": {
                "composer/installers": "~1.0"
            },
            "type": "wordpress-plugin",
            "homepage": "https://wordpress.org/plugins/wp-markdown-editor/",
            "time": "2015-11-19 09:24:21"
        },
        {
            "name": "wpackagist-plugin/wp-retina",
            "version": "dev-trunk",
            "source": {
                "type": "svn",
                "url": "https://plugins.svn.wordpress.org/wp-retina/",
                "reference": "trunk"
            },
            "dist": {
                "type": "zip",
                "url": "https://downloads.wordpress.org/plugin/wp-retina.zip",
                "reference": null,
                "shasum": null
            },
            "require": {
                "composer/installers": "~1.0"
            },
            "type": "wordpress-plugin",
            "homepage": "https://wordpress.org/plugins/wp-retina/",
            "time": "2012-04-05 08:12:37"
        },
        {
            "name": "wpackagist-plugin/yet-another-related-posts-plugin",
            "version": "dev-trunk",
            "source": {
                "type": "svn",
                "url": "https://plugins.svn.wordpress.org/yet-another-related-posts-plugin/",
                "reference": "trunk"
            },
            "dist": {
                "type": "zip",
                "url": "https://downloads.wordpress.org/plugin/yet-another-related-posts-plugin.zip",
                "reference": null,
                "shasum": null
            },
            "require": {
                "composer/installers": "~1.0"
            },
            "type": "wordpress-plugin",
            "homepage": "https://wordpress.org/plugins/yet-another-related-posts-plugin/",
            "time": "2016-01-15 16:18:58"
        }
    ],
    "packages-dev": [],
    "aliases": [],
    "minimum-stability": "stable",
    "stability-flags": {
        "wpackagist-plugin/stag-custom-sidebars": 20,
        "wpackagist-plugin/fd-footnotes": 20,
        "wpackagist-plugin/stagtools": 20,
        "wpackagist-plugin/jetpack": 20,
        "wpackagist-plugin/send-email-only-on-reply-to-my-comment": 20,
        "wpackagist-plugin/yet-another-related-posts-plugin": 20,
        "wpackagist-plugin/wp-ajaxify-comments": 20,
        "wpackagist-plugin/inline-comments": 20,
        "wpackagist-plugin/akismet": 20,
        "wpackagist-plugin/wp-retina": 20,
        "wpackagist-plugin/subtitles": 20,
        "wpackagist-plugin/instagram-slider-widget": 20,
        "wpackagist-plugin/wp-markdown-editor": 20,
        "wpackagist-plugin/social-networks-auto-poster-facebook-twitter-g": 20,
        "deleomotosho/carbon": 20,
        "deleomotosho/carbon-child": 20,
        "geleyi/stag-envato-updater": 20,
        "geleyi/google-analytics-premium": 20,
        "geleyi/optin-monster": 20,
        "geleyi/wp-seo-premium": 20
    },
    "prefer-stable": false,
    "prefer-lowest": false,
    "platform": {
        "php": ">=5.5"
    },
    "platform-dev": []
}
